
Microsoft Visual Studio Solution File, Format Version 12.00
# Visual Studio Version 16
VisualStudioVersion = 16.0.29926.136
MinimumVisualStudioVersion = 10.0.40219.1
Project("{2150E333-8FDC-42A3-9474-1A3956D46DE8}") = "Solution Items", "Solution Items", "{1378750F-BB46-41BD-8FE0-73C7D6059DF8}"
	ProjectSection(SolutionItems) = preProject
		.editorconfig = .editorconfig
	EndProjectSection
EndProject
Project("{2150E333-8FDC-42A3-9474-1A3956D46DE8}") = "src", "src", "{9B5334F5-4EE2-4039-8AA3-06742FADB4BE}"
EndProject
Project("{2150E333-8FDC-42A3-9474-1A3956D46DE8}") = "sample", "sample", "{D000B078-23C7-44E8-998F-C8F8E56ACCF8}"
EndProject
Project("{9A19103F-16F7-4668-BE54-9A1E7A4F7556}") = "TanvirArjel.Extensions.Microsoft.DependencyInjection", "src\TanvirArjel.Extensions.Microsoft.DependencyInjection\TanvirArjel.Extensions.Microsoft.DependencyInjection.csproj", "{8E5193B6-DAEC-4DF0-A5AE-E0A88B7FA385}"
EndProject
Project("{9A19103F-16F7-4668-BE54-9A1E7A4F7556}") = "AspNetCore", "sample\AspNetCore\AspNetCore.csproj", "{17004C4B-C922-4744-B1F0-86E437056D18}"
EndProject
Project("{FAE04EC0-301F-11D3-BF4B-00C04F79EFBC}") = "BlazorWasm", "sample\BlazorWasm\BlazorWasm.csproj", "{BC727A02-DF7F-4C54-9290-CBD59CD19773}"
EndProject
Global
	GlobalSection(SolutionConfigurationPlatforms) = preSolution
		Debug|Any CPU = Debug|Any CPU
		Release|Any CPU = Release|Any CPU
	EndGlobalSection
	GlobalSection(ProjectConfigurationPlatforms) = postSolution
		{8E5193B6-DAEC-4DF0-A5AE-E0A88B7FA385}.Debug|Any CPU.ActiveCfg = Debug|Any CPU
		{8E5193B6-DAEC-4DF0-A5AE-E0A88B7FA385}.Debug|Any CPU.Build.0 = Debug|Any CPU
		{8E5193B6-DAEC-4DF0-A5AE-E0A88B7FA385}.Release|Any CPU.ActiveCfg = Release|Any CPU
		{8E5193B6-DAEC-4DF0-A5AE-E0A88B7FA385}.Release|Any CPU.Build.0 = Release|Any CPU
		{17004C4B-C922-4744-B1F0-86E437056D18}.Debug|Any CPU.ActiveCfg = Debug|Any CPU
		{17004C4B-C922-4744-B1F0-86E437056D18}.Debug|Any CPU.Build.0 = Debug|Any CPU
		{17004C4B-C922-4744-B1F0-86E437056D18}.Release|Any CPU.ActiveCfg = Release|Any CPU
		{17004C4B-C922-4744-B1F0-86E437056D18}.Release|Any CPU.Build.0 = Release|Any CPU
		{BC727A02-DF7F-4C54-9290-CBD59CD19773}.Debug|Any CPU.ActiveCfg = Debug|Any CPU
		{BC727A02-DF7F-4C54-9290-CBD59CD19773}.Debug|Any CPU.Build.0 = Debug|Any CPU
		{BC727A02-DF7F-4C54-9290-CBD59CD19773}.Release|Any CPU.ActiveCfg = Release|Any CPU
		{BC727A02-DF7F-4C54-9290-CBD59CD19773}.Release|Any CPU.Build.0 = Release|Any CPU
	EndGlobalSection
	GlobalSection(SolutionProperties) = preSolution
		HideSolutionNode = FALSE
	EndGlobalSection
	GlobalSection(NestedProjects) = preSolution
		{8E5193B6-DAEC-4DF0-A5AE-E0A88B7FA385} = {9B5334F5-4EE2-4039-8AA3-06742FADB4BE}
		{17004C4B-C922-4744-B1F0-86E437056D18} = {D000B078-23C7-44E8-998F-C8F8E56ACCF8}
		{BC727A02-DF7F-4C54-9290-CBD59CD19773} = {D000B078-23C7-44E8-998F-C8F8E56ACCF8}
	EndGlobalSection
	GlobalSection(ExtensibilityGlobals) = postSolution
		SolutionGuid = {48F15DE9-F94B-4559-88E4-52FEB896CD61}
	EndGlobalSection
EndGlobal
